
Microsoft Visual Studio Solution File, Format Version 10.00
# Visual Studio 2008
Project("{8BC9CEB8-8B4A-11D0-8D11-00A0C91BC942}") = "Game", "..\..\Game\Game.vcproj", "{BAC7F1A3-A99F-44D5-9D7B-B4B24CC3C30C}"
	ProjectSection(ProjectDependencies) = postProject
		{EC5DB2F1-5096-430A-B62F-65859F497E5D} = {EC5DB2F1-5096-430A-B62F-65859F497E5D}
	EndProjectSection
EndProject
Project("{8BC9CEB8-8B4A-11D0-8D11-00A0C91BC942}") = "IndieLib", "IndieLib_vc2008.vcproj", "{EC5DB2F1-5096-430A-B62F-65859F497E5D}"
	ProjectSection(ProjectDependencies) = postProject
		{81CE8DAF-EBB2-4761-8E45-B71ABCCA8C68} = {81CE8DAF-EBB2-4761-8E45-B71ABCCA8C68}
		{0B031AD9-680E-42B8-8FF8-6E2B44BBC759} = {0B031AD9-680E-42B8-8FF8-6E2B44BBC759}
		{9E219DF2-315D-478E-8A07-8960C377CE1E} = {9E219DF2-315D-478E-8A07-8960C377CE1E}
	EndProjectSection
EndProject
Project("{8BC9CEB8-8B4A-11D0-8D11-00A0C91BC942}") = "Tests_Win32", "Tests_Win32.vcproj", "{6DEA187E-ACF6-4A55-AA2F-ABBFFAE5EBEE}"
	ProjectSection(ProjectDependencies) = postProject
		{5E7F283C-5C0E-47B8-A057-1CDAE313D18B} = {5E7F283C-5C0E-47B8-A057-1CDAE313D18B}
		{EC5DB2F1-5096-430A-B62F-65859F497E5D} = {EC5DB2F1-5096-430A-B62F-65859F497E5D}
	EndProjectSection
EndProject
Project("{8BC9CEB8-8B4A-11D0-8D11-00A0C91BC942}") = "UnitTests", "UnitTests.vcproj", "{5E7F283C-5C0E-47B8-A057-1CDAE313D18B}"
	ProjectSection(ProjectDependencies) = postProject
		{EC5DB2F1-5096-430A-B62F-65859F497E5D} = {EC5DB2F1-5096-430A-B62F-65859F497E5D}
	EndProjectSection
EndProject
Project("{8BC9CEB8-8B4A-11D0-8D11-00A0C91BC942}") = "Editor", "Editor\Editor.vcproj", "{BDA7367C-E178-454E-95CE-C8A89B0331A5}"
	ProjectSection(ProjectDependencies) = postProject
		{5E7F283C-5C0E-47B8-A057-1CDAE313D18B} = {5E7F283C-5C0E-47B8-A057-1CDAE313D18B}
		{EC5DB2F1-5096-430A-B62F-65859F497E5D} = {EC5DB2F1-5096-430A-B62F-65859F497E5D}
	EndProjectSection
EndProject
Project("{8BC9CEB8-8B4A-11D0-8D11-00A0C91BC942}") = "glew_static", "..\common\dependencies\glew-1.9.0\build\vc9\glew_static.vcproj", "{0B031AD9-680E-42B8-8FF8-6E2B44BBC759}"
EndProject
Project("{8BC9CEB8-8B4A-11D0-8D11-00A0C91BC942}") = "SDL2", "..\common\dependencies\SDL-2.0\VisualC\SDL\SDL_VS2008.vcproj", "{81CE8DAF-EBB2-4761-8E45-B71ABCCA8C68}"
	ProjectSection(ProjectDependencies) = postProject
		{DA956FD3-E142-46F2-9DD5-C78BEBB56B7A} = {DA956FD3-E142-46F2-9DD5-C78BEBB56B7A}
	EndProjectSection
EndProject
Project("{8BC9CEB8-8B4A-11D0-8D11-00A0C91BC942}") = "FreeImageLib", "..\common\dependencies\FreeImage\Source\FreeImageLib\FreeImageLib.2008.vcproj", "{9E219DF2-315D-478E-8A07-8960C377CE1E}"
	ProjectSection(ProjectDependencies) = postProject
		{E3536C28-A7F1-4B53-8E52-7D2232F9E098} = {E3536C28-A7F1-4B53-8E52-7D2232F9E098}
		{17A4874B-0606-4687-90B6-F91F8CB3B8AF} = {17A4874B-0606-4687-90B6-F91F8CB3B8AF}
		{7DB10B50-CE00-4D7A-B322-6824F05D2FCB} = {7DB10B50-CE00-4D7A-B322-6824F05D2FCB}
		{5E1D4E5F-E10C-4BA3-B663-F33014FD21D9} = {5E1D4E5F-E10C-4BA3-B663-F33014FD21D9}
		{33134F61-C1AD-4B6F-9CEA-503A9F140C52} = {33134F61-C1AD-4B6F-9CEA-503A9F140C52}
		{EC085CBD-E9C3-477F-9A97-CB9D5DA30E27} = {EC085CBD-E9C3-477F-9A97-CB9D5DA30E27}
		{07F662C1-1323-42AB-B6AF-FBFD34A7437A} = {07F662C1-1323-42AB-B6AF-FBFD34A7437A}
	EndProjectSection
EndProject
Project("{2150E333-8FDC-42A3-9474-1A3956D46DE8}") = "Dependencies", "Dependencies", "{4077466A-8AF7-40CA-AED6-683CDDA852B9}"
EndProject
Project("{8BC9CEB8-8B4A-11D0-8D11-00A0C91BC942}") = "LibJPEG", "..\common\dependencies\FreeImage\Source\LibJPEG\LibJPEG.2008.vcproj", "{5E1D4E5F-E10C-4BA3-B663-F33014FD21D9}"
EndProject
Project("{8BC9CEB8-8B4A-11D0-8D11-00A0C91BC942}") = "LibOpenJPEG", "..\common\dependencies\FreeImage\Source\LibOpenJPEG\LibOpenJPEG.2008.vcproj", "{E3536C28-A7F1-4B53-8E52-7D2232F9E098}"
EndProject
Project("{8BC9CEB8-8B4A-11D0-8D11-00A0C91BC942}") = "LibPNG", "..\common\dependencies\FreeImage\Source\LibPNG\LibPNG.2008.vcproj", "{7DB10B50-CE00-4D7A-B322-6824F05D2FCB}"
EndProject
Project("{8BC9CEB8-8B4A-11D0-8D11-00A0C91BC942}") = "LibRaw", "..\common\dependencies\FreeImage\Source\LibRawLite\LibRawLite.2008.vcproj", "{07F662C1-1323-42AB-B6AF-FBFD34A7437A}"
EndProject
Project("{8BC9CEB8-8B4A-11D0-8D11-00A0C91BC942}") = "LibTIFF4", "..\common\dependencies\FreeImage\Source\LibTIFF4\LibTIFF4.2008.vcproj", "{EC085CBD-E9C3-477F-9A97-CB9D5DA30E27}"
EndProject
Project("{8BC9CEB8-8B4A-11D0-8D11-00A0C91BC942}") = "OpenEXR", "..\common\dependencies\FreeImage\Source\OpenEXR\OpenEXR.2008.vcproj", "{17A4874B-0606-4687-90B6-F91F8CB3B8AF}"
EndProject
Project("{8BC9CEB8-8B4A-11D0-8D11-00A0C91BC942}") = "ZLib", "..\common\dependencies\FreeImage\Source\ZLib\ZLib.2008.vcproj", "{33134F61-C1AD-4B6F-9CEA-503A9F140C52}"
EndProject
Project("{8BC9CEB8-8B4A-11D0-8D11-00A0C91BC942}") = "SDL2main", "..\common\dependencies\SDL-2.0\VisualC\SDLmain\SDLmain_VS2008.vcproj", "{DA956FD3-E142-46F2-9DD5-C78BEBB56B7A}"
EndProject
Project("{2150E333-8FDC-42A3-9474-1A3956D46DE8}") = "Engine", "Engine", "{16BDA18E-483B-40B5-BBFB-BBF16041AB30}"
EndProject
Global
	GlobalSection(SolutionConfigurationPlatforms) = preSolution
		Debug|Win32 = Debug|Win32
		Debug|x64 = Debug|x64
		Release|Win32 = Release|Win32
		Release|x64 = Release|x64
	EndGlobalSection
	GlobalSection(ProjectConfigurationPlatforms) = postSolution
		{BAC7F1A3-A99F-44D5-9D7B-B4B24CC3C30C}.Debug|Win32.ActiveCfg = Debug|Win32
		{BAC7F1A3-A99F-44D5-9D7B-B4B24CC3C30C}.Debug|Win32.Build.0 = Debug|Win32
		{BAC7F1A3-A99F-44D5-9D7B-B4B24CC3C30C}.Debug|x64.ActiveCfg = Debug|Win32
		{BAC7F1A3-A99F-44D5-9D7B-B4B24CC3C30C}.Release|Win32.ActiveCfg = Release|Win32
		{BAC7F1A3-A99F-44D5-9D7B-B4B24CC3C30C}.Release|Win32.Build.0 = Release|Win32
		{BAC7F1A3-A99F-44D5-9D7B-B4B24CC3C30C}.Release|x64.ActiveCfg = Release|Win32
		{EC5DB2F1-5096-430A-B62F-65859F497E5D}.Debug|Win32.ActiveCfg = DevelopMent_Debug|Win32
		{EC5DB2F1-5096-430A-B62F-65859F497E5D}.Debug|Win32.Build.0 = DevelopMent_Debug|Win32
		{EC5DB2F1-5096-430A-B62F-65859F497E5D}.Debug|x64.ActiveCfg = DevelopMent_Debug|Win32
		{EC5DB2F1-5096-430A-B62F-65859F497E5D}.Release|Win32.ActiveCfg = Release|Win32
		{EC5DB2F1-5096-430A-B62F-65859F497E5D}.Release|Win32.Build.0 = Release|Win32
		{EC5DB2F1-5096-430A-B62F-65859F497E5D}.Release|x64.ActiveCfg = Release|Win32
		{6DEA187E-ACF6-4A55-AA2F-ABBFFAE5EBEE}.Debug|Win32.ActiveCfg = Development_Debug|Win32
		{6DEA187E-ACF6-4A55-AA2F-ABBFFAE5EBEE}.Debug|x64.ActiveCfg = Development_Debug|Win32
		{6DEA187E-ACF6-4A55-AA2F-ABBFFAE5EBEE}.Release|Win32.ActiveCfg = Release|Win32
		{6DEA187E-ACF6-4A55-AA2F-ABBFFAE5EBEE}.Release|x64.ActiveCfg = Release|Win32
		{5E7F283C-5C0E-47B8-A057-1CDAE313D18B}.Debug|Win32.ActiveCfg = Development_Debug|Win32
		{5E7F283C-5C0E-47B8-A057-1CDAE313D18B}.Debug|x64.ActiveCfg = Development_Debug|Win32
		{5E7F283C-5C0E-47B8-A057-1CDAE313D18B}.Release|Win32.ActiveCfg = Release|Win32
		{5E7F283C-5C0E-47B8-A057-1CDAE313D18B}.Release|x64.ActiveCfg = Release|Win32
		{BDA7367C-E178-454E-95CE-C8A89B0331A5}.Debug|Win32.ActiveCfg = DevelopMent_Debug|Win32
		{BDA7367C-E178-454E-95CE-C8A89B0331A5}.Debug|x64.ActiveCfg = DevelopMent_Debug|Win32
		{BDA7367C-E178-454E-95CE-C8A89B0331A5}.Release|Win32.ActiveCfg = Release|Win32
		{BDA7367C-E178-454E-95CE-C8A89B0331A5}.Release|x64.ActiveCfg = Release|Win32
		{0B031AD9-680E-42B8-8FF8-6E2B44BBC759}.Debug|Win32.ActiveCfg = Debug|Win32
		{0B031AD9-680E-42B8-8FF8-6E2B44BBC759}.Debug|Win32.Build.0 = Debug|Win32
		{0B031AD9-680E-42B8-8FF8-6E2B44BBC759}.Debug|x64.ActiveCfg = Debug|Win32
		{0B031AD9-680E-42B8-8FF8-6E2B44BBC759}.Release|Win32.ActiveCfg = Release|Win32
		{0B031AD9-680E-42B8-8FF8-6E2B44BBC759}.Release|Win32.Build.0 = Release|Win32
		{0B031AD9-680E-42B8-8FF8-6E2B44BBC759}.Release|x64.ActiveCfg = Release|Win32
		{81CE8DAF-EBB2-4761-8E45-B71ABCCA8C68}.Debug|Win32.ActiveCfg = Debug|Win32
		{81CE8DAF-EBB2-4761-8E45-B71ABCCA8C68}.Debug|Win32.Build.0 = Debug|Win32
		{81CE8DAF-EBB2-4761-8E45-B71ABCCA8C68}.Debug|x64.ActiveCfg = Debug|x64
		{81CE8DAF-EBB2-4761-8E45-B71ABCCA8C68}.Debug|x64.Build.0 = Debug|x64
		{81CE8DAF-EBB2-4761-8E45-B71ABCCA8C68}.Release|Win32.ActiveCfg = Release|Win32
		{81CE8DAF-EBB2-4761-8E45-B71ABCCA8C68}.Release|Win32.Build.0 = Release|Win32
		{81CE8DAF-EBB2-4761-8E45-B71ABCCA8C68}.Release|x64.ActiveCfg = Release|x64
		{81CE8DAF-EBB2-4761-8E45-B71ABCCA8C68}.Release|x64.Build.0 = Release|x64
		{9E219DF2-315D-478E-8A07-8960C377CE1E}.Debug|Win32.ActiveCfg = Debug|Win32
		{9E219DF2-315D-478E-8A07-8960C377CE1E}.Debug|Win32.Build.0 = Debug|Win32
		{9E219DF2-315D-478E-8A07-8960C377CE1E}.Debug|x64.ActiveCfg = Debug|x64
		{9E219DF2-315D-478E-8A07-8960C377CE1E}.Debug|x64.Build.0 = Debug|x64
		{9E219DF2-315D-478E-8A07-8960C377CE1E}.Release|Win32.ActiveCfg = Release|Win32
		{9E219DF2-315D-478E-8A07-8960C377CE1E}.Release|Win32.Build.0 = Release|Win32
		{9E219DF2-315D-478E-8A07-8960C377CE1E}.Release|x64.ActiveCfg = Release|x64
		{9E219DF2-315D-478E-8A07-8960C377CE1E}.Release|x64.Build.0 = Release|x64
		{5E1D4E5F-E10C-4BA3-B663-F33014FD21D9}.Debug|Win32.ActiveCfg = Debug|Win32
		{5E1D4E5F-E10C-4BA3-B663-F33014FD21D9}.Debug|Win32.Build.0 = Debug|Win32
		{5E1D4E5F-E10C-4BA3-B663-F33014FD21D9}.Debug|x64.ActiveCfg = Debug|x64
		{5E1D4E5F-E10C-4BA3-B663-F33014FD21D9}.Debug|x64.Build.0 = Debug|x64
		{5E1D4E5F-E10C-4BA3-B663-F33014FD21D9}.Release|Win32.ActiveCfg = Release|Win32
		{5E1D4E5F-E10C-4BA3-B663-F33014FD21D9}.Release|Win32.Build.0 = Release|Win32
		{5E1D4E5F-E10C-4BA3-B663-F33014FD21D9}.Release|x64.ActiveCfg = Release|x64
		{5E1D4E5F-E10C-4BA3-B663-F33014FD21D9}.Release|x64.Build.0 = Release|x64
		{E3536C28-A7F1-4B53-8E52-7D2232F9E098}.Debug|Win32.ActiveCfg = Debug|Win32
		{E3536C28-A7F1-4B53-8E52-7D2232F9E098}.Debug|Win32.Build.0 = Debug|Win32
		{E3536C28-A7F1-4B53-8E52-7D2232F9E098}.Debug|x64.ActiveCfg = Debug|x64
		{E3536C28-A7F1-4B53-8E52-7D2232F9E098}.Debug|x64.Build.0 = Debug|x64
		{E3536C28-A7F1-4B53-8E52-7D2232F9E098}.Release|Win32.ActiveCfg = Release|Win32
		{E3536C28-A7F1-4B53-8E52-7D2232F9E098}.Release|Win32.Build.0 = Release|Win32
		{E3536C28-A7F1-4B53-8E52-7D2232F9E098}.Release|x64.ActiveCfg = Release|x64
		{E3536C28-A7F1-4B53-8E52-7D2232F9E098}.Release|x64.Build.0 = Release|x64
		{7DB10B50-CE00-4D7A-B322-6824F05D2FCB}.Debug|Win32.ActiveCfg = Debug|Win32
		{7DB10B50-CE00-4D7A-B322-6824F05D2FCB}.Debug|Win32.Build.0 = Debug|Win32
		{7DB10B50-CE00-4D7A-B322-6824F05D2FCB}.Debug|x64.ActiveCfg = Debug|x64
		{7DB10B50-CE00-4D7A-B322-6824F05D2FCB}.Debug|x64.Build.0 = Debug|x64
		{7DB10B50-CE00-4D7A-B322-6824F05D2FCB}.Release|Win32.ActiveCfg = Release|Win32
		{7DB10B50-CE00-4D7A-B322-6824F05D2FCB}.Release|Win32.Build.0 = Release|Win32
		{7DB10B50-CE00-4D7A-B322-6824F05D2FCB}.Release|x64.ActiveCfg = Release|x64
		{7DB10B50-CE00-4D7A-B322-6824F05D2FCB}.Release|x64.Build.0 = Release|x64
		{07F662C1-1323-42AB-B6AF-FBFD34A7437A}.Debug|Win32.ActiveCfg = Debug|Win32
		{07F662C1-1323-42AB-B6AF-FBFD34A7437A}.Debug|Win32.Build.0 = Debug|Win32
		{07F662C1-1323-42AB-B6AF-FBFD34A7437A}.Debug|x64.ActiveCfg = Debug|x64
		{07F662C1-1323-42AB-B6AF-FBFD34A7437A}.Debug|x64.Build.0 = Debug|x64
		{07F662C1-1323-42AB-B6AF-FBFD34A7437A}.Release|Win32.ActiveCfg = Release|Win32
		{07F662C1-1323-42AB-B6AF-FBFD34A7437A}.Release|Win32.Build.0 = Release|Win32
		{07F662C1-1323-42AB-B6AF-FBFD34A7437A}.Release|x64.ActiveCfg = Release|x64
		{07F662C1-1323-42AB-B6AF-FBFD34A7437A}.Release|x64.Build.0 = Release|x64
		{EC085CBD-E9C3-477F-9A97-CB9D5DA30E27}.Debug|Win32.ActiveCfg = Debug|Win32
		{EC085CBD-E9C3-477F-9A97-CB9D5DA30E27}.Debug|Win32.Build.0 = Debug|Win32
		{EC085CBD-E9C3-477F-9A97-CB9D5DA30E27}.Debug|x64.ActiveCfg = Debug|x64
		{EC085CBD-E9C3-477F-9A97-CB9D5DA30E27}.Debug|x64.Build.0 = Debug|x64
		{EC085CBD-E9C3-477F-9A97-CB9D5DA30E27}.Release|Win32.ActiveCfg = Release|Win32
		{EC085CBD-E9C3-477F-9A97-CB9D5DA30E27}.Release|Win32.Build.0 = Release|Win32
		{EC085CBD-E9C3-477F-9A97-CB9D5DA30E27}.Release|x64.ActiveCfg = Release|x64
		{EC085CBD-E9C3-477F-9A97-CB9D5DA30E27}.Release|x64.Build.0 = Release|x64
		{17A4874B-0606-4687-90B6-F91F8CB3B8AF}.Debug|Win32.ActiveCfg = Debug|Win32
		{17A4874B-0606-4687-90B6-F91F8CB3B8AF}.Debug|Win32.Build.0 = Debug|Win32
		{17A4874B-0606-4687-90B6-F91F8CB3B8AF}.Debug|x64.ActiveCfg = Debug|x64
		{17A4874B-0606-4687-90B6-F91F8CB3B8AF}.Debug|x64.Build.0 = Debug|x64
		{17A4874B-0606-4687-90B6-F91F8CB3B8AF}.Release|Win32.ActiveCfg = Release|Win32
		{17A4874B-0606-4687-90B6-F91F8CB3B8AF}.Release|Win32.Build.0 = Release|Win32
		{17A4874B-0606-4687-90B6-F91F8CB3B8AF}.Release|x64.ActiveCfg = Release|x64
		{17A4874B-0606-4687-90B6-F91F8CB3B8AF}.Release|x64.Build.0 = Release|x64
		{33134F61-C1AD-4B6F-9CEA-503A9F140C52}.Debug|Win32.ActiveCfg = Debug|Win32
		{33134F61-C1AD-4B6F-9CEA-503A9F140C52}.Debug|Win32.Build.0 = Debug|Win32
		{33134F61-C1AD-4B6F-9CEA-503A9F140C52}.Debug|x64.ActiveCfg = Debug|x64
		{33134F61-C1AD-4B6F-9CEA-503A9F140C52}.Debug|x64.Build.0 = Debug|x64
		{33134F61-C1AD-4B6F-9CEA-503A9F140C52}.Release|Win32.ActiveCfg = Release|Win32
		{33134F61-C1AD-4B6F-9CEA-503A9F140C52}.Release|Win32.Build.0 = Release|Win32
		{33134F61-C1AD-4B6F-9CEA-503A9F140C52}.Release|x64.ActiveCfg = Release|x64
		{33134F61-C1AD-4B6F-9CEA-503A9F140C52}.Release|x64.Build.0 = Release|x64
		{DA956FD3-E142-46F2-9DD5-C78BEBB56B7A}.Debug|Win32.ActiveCfg = Debug|Win32
		{DA956FD3-E142-46F2-9DD5-C78BEBB56B7A}.Debug|Win32.Build.0 = Debug|Win32
		{DA956FD3-E142-46F2-9DD5-C78BEBB56B7A}.Debug|x64.ActiveCfg = Debug|x64
		{DA956FD3-E142-46F2-9DD5-C78BEBB56B7A}.Debug|x64.Build.0 = Debug|x64
		{DA956FD3-E142-46F2-9DD5-C78BEBB56B7A}.Release|Win32.ActiveCfg = Release|Win32
		{DA956FD3-E142-46F2-9DD5-C78BEBB56B7A}.Release|Win32.Build.0 = Release|Win32
		{DA956FD3-E142-46F2-9DD5-C78BEBB56B7A}.Release|x64.ActiveCfg = Release|x64
		{DA956FD3-E142-46F2-9DD5-C78BEBB56B7A}.Release|x64.Build.0 = Release|x64
	EndGlobalSection
	GlobalSection(SolutionProperties) = preSolution
		HideSolutionNode = FALSE
	EndGlobalSection
	GlobalSection(NestedProjects) = preSolution
		{6DEA187E-ACF6-4A55-AA2F-ABBFFAE5EBEE} = {16BDA18E-483B-40B5-BBFB-BBF16041AB30}
		{5E7F283C-5C0E-47B8-A057-1CDAE313D18B} = {16BDA18E-483B-40B5-BBFB-BBF16041AB30}
		{BDA7367C-E178-454E-95CE-C8A89B0331A5} = {16BDA18E-483B-40B5-BBFB-BBF16041AB30}
		{EC5DB2F1-5096-430A-B62F-65859F497E5D} = {16BDA18E-483B-40B5-BBFB-BBF16041AB30}
		{81CE8DAF-EBB2-4761-8E45-B71ABCCA8C68} = {4077466A-8AF7-40CA-AED6-683CDDA852B9}
		{9E219DF2-315D-478E-8A07-8960C377CE1E} = {4077466A-8AF7-40CA-AED6-683CDDA852B9}
		{0B031AD9-680E-42B8-8FF8-6E2B44BBC759} = {4077466A-8AF7-40CA-AED6-683CDDA852B9}
		{5E1D4E5F-E10C-4BA3-B663-F33014FD21D9} = {4077466A-8AF7-40CA-AED6-683CDDA852B9}
		{E3536C28-A7F1-4B53-8E52-7D2232F9E098} = {4077466A-8AF7-40CA-AED6-683CDDA852B9}
		{7DB10B50-CE00-4D7A-B322-6824F05D2FCB} = {4077466A-8AF7-40CA-AED6-683CDDA852B9}
		{07F662C1-1323-42AB-B6AF-FBFD34A7437A} = {4077466A-8AF7-40CA-AED6-683CDDA852B9}
		{EC085CBD-E9C3-477F-9A97-CB9D5DA30E27} = {4077466A-8AF7-40CA-AED6-683CDDA852B9}
		{17A4874B-0606-4687-90B6-F91F8CB3B8AF} = {4077466A-8AF7-40CA-AED6-683CDDA852B9}
		{33134F61-C1AD-4B6F-9CEA-503A9F140C52} = {4077466A-8AF7-40CA-AED6-683CDDA852B9}
		{DA956FD3-E142-46F2-9DD5-C78BEBB56B7A} = {4077466A-8AF7-40CA-AED6-683CDDA852B9}
	EndGlobalSection
EndGlobal
